{
  "name": "WebApps",
  "lockfileVersion": 3,
  "requires": true,
  "packages": {
    "": {
      "dependencies": {
        "share-this": "^1.3.1"
      }
    },
    "node_modules/share-this": {
      "version": "1.3.1",
      "resolved": "https://registry.npmjs.org/share-this/-/share-this-1.3.1.tgz",
      "integrity": "sha512-gB+Lnxt3IW301dkqaW8raQZbepEx5tzb3XvkbKKijkXATdRcdghelB4wCJRy5nXwqJtvbi3+3TbMbUlMMmCGgg=="
    }
  }
}
